
Microsoft Visual Studio Solution File, Format Version 12.00
# Visual Studio Version 16
VisualStudioVersion = 16.0.33328.57
MinimumVisualStudioVersion = 10.0.40219.1
Project("{8BC9CEB8-8B4A-11D0-8D11-00A0C91BC942}") = "GeneratePrimeNumbersSet", "GeneratePrimeNumbersSet\GeneratePrimeNumbersSet.vcxproj", "{C0CD65DD-BA11-4B47-B909-F8A4F115DFCC}"
EndProject
Project("{8BC9CEB8-8B4A-11D0-8D11-00A0C91BC942}") = "Tests", "Tests\Tests.vcxproj", "{C68DAFC7-A612-4CFB-A113-0F0BE662ACF3}"
EndProject
Global
	GlobalSection(SolutionConfigurationPlatforms) = preSolution
		Debug|x64 = Debug|x64
		Debug|x86 = Debug|x86
		Release|x64 = Release|x64
		Release|x86 = Release|x86
	EndGlobalSection
	GlobalSection(ProjectConfigurationPlatforms) = postSolution
		{C0CD65DD-BA11-4B47-B909-F8A4F115DFCC}.Debug|x64.ActiveCfg = Debug|x64
		{C0CD65DD-BA11-4B47-B909-F8A4F115DFCC}.Debug|x64.Build.0 = Debug|x64
		{C0CD65DD-BA11-4B47-B909-F8A4F115DFCC}.Debug|x86.ActiveCfg = Debug|Win32
		{C0CD65DD-BA11-4B47-B909-F8A4F115DFCC}.Debug|x86.Build.0 = Debug|Win32
		{C0CD65DD-BA11-4B47-B909-F8A4F115DFCC}.Release|x64.ActiveCfg = Release|x64
		{C0CD65DD-BA11-4B47-B909-F8A4F115DFCC}.Release|x64.Build.0 = Release|x64
		{C0CD65DD-BA11-4B47-B909-F8A4F115DFCC}.Release|x86.ActiveCfg = Release|Win32
		{C0CD65DD-BA11-4B47-B909-F8A4F115DFCC}.Release|x86.Build.0 = Release|Win32
		{C68DAFC7-A612-4CFB-A113-0F0BE662ACF3}.Debug|x64.ActiveCfg = Debug|x64
		{C68DAFC7-A612-4CFB-A113-0F0BE662ACF3}.Debug|x64.Build.0 = Debug|x64
		{C68DAFC7-A612-4CFB-A113-0F0BE662ACF3}.Debug|x86.ActiveCfg = Debug|Win32
		{C68DAFC7-A612-4CFB-A113-0F0BE662ACF3}.Debug|x86.Build.0 = Debug|Win32
		{C68DAFC7-A612-4CFB-A113-0F0BE662ACF3}.Release|x64.ActiveCfg = Release|x64
		{C68DAFC7-A612-4CFB-A113-0F0BE662ACF3}.Release|x64.Build.0 = Release|x64
		{C68DAFC7-A612-4CFB-A113-0F0BE662ACF3}.Release|x86.ActiveCfg = Release|Win32
		{C68DAFC7-A612-4CFB-A113-0F0BE662ACF3}.Release|x86.Build.0 = Release|Win32
	EndGlobalSection
	GlobalSection(SolutionProperties) = preSolution
		HideSolutionNode = FALSE
	EndGlobalSection
	GlobalSection(ExtensibilityGlobals) = postSolution
		SolutionGuid = {78E16B23-87A9-4076-BF14-2EFDDDDF39E3}
	EndGlobalSection
EndGlobal
